
Microsoft Visual Studio Solution File, Format Version 12.00
# Visual Studio Version 17
VisualStudioVersion = 17.13.35806.99
MinimumVisualStudioVersion = 10.0.40219.1
Project("{FAE04EC0-301F-11D3-BF4B-00C04F79EFBC}") = "01. Day of Week", "01. Day of Week\01. Day of Week.csproj", "{11EC260D-BDDA-4E89-AFC7-0D54D0CD984F}"
EndProject
Project("{FAE04EC0-301F-11D3-BF4B-00C04F79EFBC}") = "02. Weekend or Working Day", "02. Weekend or Working Day\02. Weekend or Working Day.csproj", "{0D1E16D8-6F76-41F7-BD34-89FC32A596BF}"
EndProject
Project("{FAE04EC0-301F-11D3-BF4B-00C04F79EFBC}") = "03. Animal Type", "03. Animal Type\03. Animal Type.csproj", "{C097D788-9095-498E-A22C-59D3A3AD0060}"
EndProject
Project("{FAE04EC0-301F-11D3-BF4B-00C04F79EFBC}") = "04. Personal Titles", "04. Personal Titles\04. Personal Titles.csproj", "{2484D35D-34A6-40F0-A678-E7B26FFF7E29}"
EndProject
Project("{FAE04EC0-301F-11D3-BF4B-00C04F79EFBC}") = "05. Small Shop", "05. Small Shop\05. Small Shop.csproj", "{DF7D94EA-E21C-4E1D-865B-8A547ED0FB4E}"
EndProject
Project("{FAE04EC0-301F-11D3-BF4B-00C04F79EFBC}") = "06. Number in Range", "06. Number in Range\06. Number in Range.csproj", "{49966BEA-AE06-4C86-9F47-E8DF80CF5896}"
EndProject
Project("{FAE04EC0-301F-11D3-BF4B-00C04F79EFBC}") = "07. Working Hours", "07. Working Hours\07. Working Hours.csproj", "{D454484F-6AE3-4DBD-B3BA-1FFCDB57F114}"
EndProject
Project("{FAE04EC0-301F-11D3-BF4B-00C04F79EFBC}") = "08. Cinema Ticket", "08. Cinema Ticket\08. Cinema Ticket.csproj", "{CB7C163F-A75C-49C2-B686-E083674DA1AB}"
EndProject
Project("{FAE04EC0-301F-11D3-BF4B-00C04F79EFBC}") = "09. Fruit or Vegetable", "09. Fruit or Vegetable\09. Fruit or Vegetable.csproj", "{C02E525F-6993-4CFD-94B9-F2C795108CFB}"
EndProject
Project("{FAE04EC0-301F-11D3-BF4B-00C04F79EFBC}") = "10. Invalid Number", "10. Invalid Number\10. Invalid Number.csproj", "{53C76A4F-EC0D-4CEF-BB15-F576B978FCD4}"
EndProject
Project("{FAE04EC0-301F-11D3-BF4B-00C04F79EFBC}") = "11. Fruit Shop", "11. Fruit Shop\11. Fruit Shop.csproj", "{A8C0FB25-DDA7-4858-B97C-CD863965ADCB}"
EndProject
Project("{FAE04EC0-301F-11D3-BF4B-00C04F79EFBC}") = "12. Търговски комисионни", "12. Търговски комисионни\12. Търговски комисионни.csproj", "{38496457-DACE-4B90-A5E8-91F67C2D4E6C}"
EndProject
Global
	GlobalSection(SolutionConfigurationPlatforms) = preSolution
		Debug|Any CPU = Debug|Any CPU
		Release|Any CPU = Release|Any CPU
	EndGlobalSection
	GlobalSection(ProjectConfigurationPlatforms) = postSolution
		{11EC260D-BDDA-4E89-AFC7-0D54D0CD984F}.Debug|Any CPU.ActiveCfg = Debug|Any CPU
		{11EC260D-BDDA-4E89-AFC7-0D54D0CD984F}.Debug|Any CPU.Build.0 = Debug|Any CPU
		{11EC260D-BDDA-4E89-AFC7-0D54D0CD984F}.Release|Any CPU.ActiveCfg = Release|Any CPU
		{11EC260D-BDDA-4E89-AFC7-0D54D0CD984F}.Release|Any CPU.Build.0 = Release|Any CPU
		{0D1E16D8-6F76-41F7-BD34-89FC32A596BF}.Debug|Any CPU.ActiveCfg = Debug|Any CPU
		{0D1E16D8-6F76-41F7-BD34-89FC32A596BF}.Debug|Any CPU.Build.0 = Debug|Any CPU
		{0D1E16D8-6F76-41F7-BD34-89FC32A596BF}.Release|Any CPU.ActiveCfg = Release|Any CPU
		{0D1E16D8-6F76-41F7-BD34-89FC32A596BF}.Release|Any CPU.Build.0 = Release|Any CPU
		{C097D788-9095-498E-A22C-59D3A3AD0060}.Debug|Any CPU.ActiveCfg = Debug|Any CPU
		{C097D788-9095-498E-A22C-59D3A3AD0060}.Debug|Any CPU.Build.0 = Debug|Any CPU
		{C097D788-9095-498E-A22C-59D3A3AD0060}.Release|Any CPU.ActiveCfg = Release|Any CPU
		{C097D788-9095-498E-A22C-59D3A3AD0060}.Release|Any CPU.Build.0 = Release|Any CPU
		{2484D35D-34A6-40F0-A678-E7B26FFF7E29}.Debug|Any CPU.ActiveCfg = Debug|Any CPU
		{2484D35D-34A6-40F0-A678-E7B26FFF7E29}.Debug|Any CPU.Build.0 = Debug|Any CPU
		{2484D35D-34A6-40F0-A678-E7B26FFF7E29}.Release|Any CPU.ActiveCfg = Release|Any CPU
		{2484D35D-34A6-40F0-A678-E7B26FFF7E29}.Release|Any CPU.Build.0 = Release|Any CPU
		{DF7D94EA-E21C-4E1D-865B-8A547ED0FB4E}.Debug|Any CPU.ActiveCfg = Debug|Any CPU
		{DF7D94EA-E21C-4E1D-865B-8A547ED0FB4E}.Debug|Any CPU.Build.0 = Debug|Any CPU
		{DF7D94EA-E21C-4E1D-865B-8A547ED0FB4E}.Release|Any CPU.ActiveCfg = Release|Any CPU
		{DF7D94EA-E21C-4E1D-865B-8A547ED0FB4E}.Release|Any CPU.Build.0 = Release|Any CPU
		{49966BEA-AE06-4C86-9F47-E8DF80CF5896}.Debug|Any CPU.ActiveCfg = Debug|Any CPU
		{49966BEA-AE06-4C86-9F47-E8DF80CF5896}.Debug|Any CPU.Build.0 = Debug|Any CPU
		{49966BEA-AE06-4C86-9F47-E8DF80CF5896}.Release|Any CPU.ActiveCfg = Release|Any CPU
		{49966BEA-AE06-4C86-9F47-E8DF80CF5896}.Release|Any CPU.Build.0 = Release|Any CPU
		{D454484F-6AE3-4DBD-B3BA-1FFCDB57F114}.Debug|Any CPU.ActiveCfg = Debug|Any CPU
		{D454484F-6AE3-4DBD-B3BA-1FFCDB57F114}.Debug|Any CPU.Build.0 = Debug|Any CPU
		{D454484F-6AE3-4DBD-B3BA-1FFCDB57F114}.Release|Any CPU.ActiveCfg = Release|Any CPU
		{D454484F-6AE3-4DBD-B3BA-1FFCDB57F114}.Release|Any CPU.Build.0 = Release|Any CPU
		{CB7C163F-A75C-49C2-B686-E083674DA1AB}.Debug|Any CPU.ActiveCfg = Debug|Any CPU
		{CB7C163F-A75C-49C2-B686-E083674DA1AB}.Debug|Any CPU.Build.0 = Debug|Any CPU
		{CB7C163F-A75C-49C2-B686-E083674DA1AB}.Release|Any CPU.ActiveCfg = Release|Any CPU
		{CB7C163F-A75C-49C2-B686-E083674DA1AB}.Release|Any CPU.Build.0 = Release|Any CPU
		{C02E525F-6993-4CFD-94B9-F2C795108CFB}.Debug|Any CPU.ActiveCfg = Debug|Any CPU
		{C02E525F-6993-4CFD-94B9-F2C795108CFB}.Debug|Any CPU.Build.0 = Debug|Any CPU
		{C02E525F-6993-4CFD-94B9-F2C795108CFB}.Release|Any CPU.ActiveCfg = Release|Any CPU
		{C02E525F-6993-4CFD-94B9-F2C795108CFB}.Release|Any CPU.Build.0 = Release|Any CPU
		{53C76A4F-EC0D-4CEF-BB15-F576B978FCD4}.Debug|Any CPU.ActiveCfg = Debug|Any CPU
		{53C76A4F-EC0D-4CEF-BB15-F576B978FCD4}.Debug|Any CPU.Build.0 = Debug|Any CPU
		{53C76A4F-EC0D-4CEF-BB15-F576B978FCD4}.Release|Any CPU.ActiveCfg = Release|Any CPU
		{53C76A4F-EC0D-4CEF-BB15-F576B978FCD4}.Release|Any CPU.Build.0 = Release|Any CPU
		{A8C0FB25-DDA7-4858-B97C-CD863965ADCB}.Debug|Any CPU.ActiveCfg = Debug|Any CPU
		{A8C0FB25-DDA7-4858-B97C-CD863965ADCB}.Debug|Any CPU.Build.0 = Debug|Any CPU
		{A8C0FB25-DDA7-4858-B97C-CD863965ADCB}.Release|Any CPU.ActiveCfg = Release|Any CPU
		{A8C0FB25-DDA7-4858-B97C-CD863965ADCB}.Release|Any CPU.Build.0 = Release|Any CPU
		{38496457-DACE-4B90-A5E8-91F67C2D4E6C}.Debug|Any CPU.ActiveCfg = Debug|Any CPU
		{38496457-DACE-4B90-A5E8-91F67C2D4E6C}.Debug|Any CPU.Build.0 = Debug|Any CPU
		{38496457-DACE-4B90-A5E8-91F67C2D4E6C}.Release|Any CPU.ActiveCfg = Release|Any CPU
		{38496457-DACE-4B90-A5E8-91F67C2D4E6C}.Release|Any CPU.Build.0 = Release|Any CPU
	EndGlobalSection
	GlobalSection(SolutionProperties) = preSolution
		HideSolutionNode = FALSE
	EndGlobalSection
	GlobalSection(ExtensibilityGlobals) = postSolution
		SolutionGuid = {CFD5B82C-673A-4B44-850A-F134ECE28F48}
	EndGlobalSection
EndGlobal
